github.com/Templarian/MaterialDesign-SVG v7.4.47+incompatible h1:w99yYrLvkTj5A9Dxd8mzNoFQpOBx9aRS03RrrqjzLuw=
github.com/Templarian/MaterialDesign-SVG v7.4.47+incompatible/go.mod h1:SRSiaLOZazGp4UpKPQRm37h4A3cKLHXaybAqaJ7Lfx8=
github.com/hugomods/icons v0.6.4 h1:SeDMpN2kjc8mbuXfi8zED4IN5IGZmqJdmmUQr9tIpxw=
github.com/hugomods/icons v0.6.4/go.mod h1:cIkSvK6W0q6N4U6n9KGz+QfRWQXAW0INd+1P31gPNGg=
github.com/hugomods/lucide-icons v0.331.0 h1:DsQXjp+n2ymvpeWS7Lu7os51lxygsdr7ysu0H5PrDXM=
github.com/hugomods/lucide-icons v0.331.0/go.mod h1:7loUmJrnD5umJ2sWSCb3AffZt0fYnSc1I+yBRjgHgw8=
github.com/xianmin/hugo-theme-jane v0.0.0-20230213123453-1a145d884a8d h1:3Oephf3wTJAHyEfFAGRUHY4NAFpC6hUOwES+nTeJCXw=
github.com/xianmin/hugo-theme-jane v0.0.0-20230213123453-1a145d884a8d/go.mod h1:Zf3ISQW08nRA/b6a6KsbkZEnTJHxMZaaYeODgyKb6cU=
github.com/xianmin/hugo-theme-jane v0.0.0-20241002033555-743d55fa4946 h1:+UW7uhaxf5IQPzYzkkwQUT9vp2929uAAT8PhdBea9hg=
github.com/xianmin/hugo-theme-jane v0.0.0-20241002033555-743d55fa4946/go.mod h1:04zjVhTvlaWLQlbqhS0xLLLz9WhEAVkcDMt/+IQRABY=
